
Microsoft Visual Studio Solution File, Format Version 12.00
# Visual Studio 14
VisualStudioVersion = 14.0.24720.0
MinimumVisualStudioVersion = 10.0.40219.1
Project("{FAE04EC0-301F-11D3-BF4B-00C04F79EFBC}") = "MyLoginINTRO", "MyLogin\MyLoginINTRO.csproj", "{BF915679-ECAD-4AC8-8ED1-F8E42F4E7F5B}"
EndProject
Project("{FAE04EC0-301F-11D3-BF4B-00C04F79EFBC}") = "MyLoginBehindTheScene", "..\MyLoginBehindTheScene\MyLogin\MyLoginBehindTheScene.csproj", "{853408BF-D10E-4524-A636-C0EEB2D0C0F0}"
EndProject
Project("{FAE04EC0-301F-11D3-BF4B-00C04F79EFBC}") = "MyLoginDeadLock", "..\MyLoginBehindDeadlock\MyLogin\MyLoginDeadLock.csproj", "{2D81DFBA-709A-470F-98E5-9B7CEFD92B70}"
EndProject
Global
	GlobalSection(SolutionConfigurationPlatforms) = preSolution
		Debug|Any CPU = Debug|Any CPU
		Release|Any CPU = Release|Any CPU
	EndGlobalSection
	GlobalSection(ProjectConfigurationPlatforms) = postSolution
		{BF915679-ECAD-4AC8-8ED1-F8E42F4E7F5B}.Debug|Any CPU.ActiveCfg = Debug|Any CPU
		{BF915679-ECAD-4AC8-8ED1-F8E42F4E7F5B}.Debug|Any CPU.Build.0 = Debug|Any CPU
		{BF915679-ECAD-4AC8-8ED1-F8E42F4E7F5B}.Release|Any CPU.ActiveCfg = Release|Any CPU
		{BF915679-ECAD-4AC8-8ED1-F8E42F4E7F5B}.Release|Any CPU.Build.0 = Release|Any CPU
		{853408BF-D10E-4524-A636-C0EEB2D0C0F0}.Debug|Any CPU.ActiveCfg = Debug|Any CPU
		{853408BF-D10E-4524-A636-C0EEB2D0C0F0}.Debug|Any CPU.Build.0 = Debug|Any CPU
		{853408BF-D10E-4524-A636-C0EEB2D0C0F0}.Release|Any CPU.ActiveCfg = Release|Any CPU
		{853408BF-D10E-4524-A636-C0EEB2D0C0F0}.Release|Any CPU.Build.0 = Release|Any CPU
		{2D81DFBA-709A-470F-98E5-9B7CEFD92B70}.Debug|Any CPU.ActiveCfg = Debug|Any CPU
		{2D81DFBA-709A-470F-98E5-9B7CEFD92B70}.Debug|Any CPU.Build.0 = Debug|Any CPU
		{2D81DFBA-709A-470F-98E5-9B7CEFD92B70}.Release|Any CPU.ActiveCfg = Release|Any CPU
		{2D81DFBA-709A-470F-98E5-9B7CEFD92B70}.Release|Any CPU.Build.0 = Release|Any CPU
	EndGlobalSection
	GlobalSection(SolutionProperties) = preSolution
		HideSolutionNode = FALSE
	EndGlobalSection
EndGlobal
